// !$*UTF8*$!
{
	archiveVersion = 1;
	classes = {
	};
	objectVersion = 56;
	objects = {

/* Begin PBXBuildFile section */
		F456CEF2292FF26500AED26C /* Extensions.swift in Sources */ = {isa = PBXBuildFile; fileRef = F456CEF1292FF26500AED26C /* Extensions.swift */; };
		F4E28C0D292E8687000C4244 /* AppDelegate.swift in Sources */ = {isa = PBXBuildFile; fileRef = F4E28C0C292E8687000C4244 /* AppDelegate.swift */; };
		F4E28C0F292E8687000C4244 /* SceneDelegate.swift in Sources */ = {isa = PBXBuildFile; fileRef = F4E28C0E292E8687000C4244 /* SceneDelegate.swift */; };
		F4E28C11292E8687000C4244 /* ConversationsViewController.swift in Sources */ = {isa = PBXBuildFile; fileRef = F4E28C10292E8687000C4244 /* ConversationsViewController.swift */; };
		F4E28C14292E8687000C4244 /* Main.storyboard in Resources */ = {isa = PBXBuildFile; fileRef = F4E28C12292E8687000C4244 /* Main.storyboard */; };
		F4E28C16292E868A000C4244 /* Assets.xcassets in Resources */ = {isa = PBXBuildFile; fileRef = F4E28C15292E868A000C4244 /* Assets.xcassets */; };
		F4E28C19292E868A000C4244 /* LaunchScreen.storyboard in Resources */ = {isa = PBXBuildFile; fileRef = F4E28C17292E868A000C4244 /* LaunchScreen.storyboard */; };
		F4E28C27292E89C7000C4244 /* LoginViewController.swift in Sources */ = {isa = PBXBuildFile; fileRef = F4E28C26292E89C7000C4244 /* LoginViewController.swift */; };
		F4E28C29292E89E7000C4244 /* RegisterViewController.swift in Sources */ = {isa = PBXBuildFile; fileRef = F4E28C28292E89E7000C4244 /* RegisterViewController.swift */; };
		F4E28C2B292E8A12000C4244 /* PhotoViewerViewController.swift in Sources */ = {isa = PBXBuildFile; fileRef = F4E28C2A292E8A12000C4244 /* PhotoViewerViewController.swift */; };
		F4E28C2D292E8A28000C4244 /* VideoPlayerViewController.swift in Sources */ = {isa = PBXBuildFile; fileRef = F4E28C2C292E8A28000C4244 /* VideoPlayerViewController.swift */; };
		F4E28C2F292E8A5B000C4244 /* NewConversationViewController.swift in Sources */ = {isa = PBXBuildFile; fileRef = F4E28C2E292E8A5B000C4244 /* NewConversationViewController.swift */; };
		F4E28C31292E8A80000C4244 /* ProfileViewController.swift in Sources */ = {isa = PBXBuildFile; fileRef = F4E28C30292E8A80000C4244 /* ProfileViewController.swift */; };
/* End PBXBuildFile section */

/* Begin PBXFileReference section */
		F456CEF1292FF26500AED26C /* Extensions.swift */ = {isa = PBXFileReference; lastKnownFileType = sourcecode.swift; path = Extensions.swift; sourceTree = "<group>"; };
		F4E28C09292E8687000C4244 /* Messenger.app */ = {isa = PBXFileReference; explicitFileType = wrapper.application; includeInIndex = 0; path = Messenger.app; sourceTree = BUILT_PRODUCTS_DIR; };
		F4E28C0C292E8687000C4244 /* AppDelegate.swift */ = {isa = PBXFileReference; lastKnownFileType = sourcecode.swift; path = AppDelegate.swift; sourceTree = "<group>"; };
		F4E28C0E292E8687000C4244 /* SceneDelegate.swift */ = {isa = PBXFileReference; lastKnownFileType = sourcecode.swift; path = SceneDelegate.swift; sourceTree = "<group>"; };
		F4E28C10292E8687000C4244 /* ConversationsViewController.swift */ = {isa = PBXFileReference; lastKnownFileType = sourcecode.swift; path = ConversationsViewController.swift; sourceTree = "<group>"; };
		F4E28C13292E8687000C4244 /* Base */ = {isa = PBXFileReference; lastKnownFileType = file.storyboard; name = Base; path = Base.lproj/Main.storyboard; sourceTree = "<group>"; };
		F4E28C15292E868A000C4244 /* Assets.xcassets */ = {isa = PBXFileReference; lastKnownFileType = folder.assetcatalog; path = Assets.xcassets; sourceTree = "<group>"; };
		F4E28C18292E868A000C4244 /* Base */ = {isa = PBXFileReference; lastKnownFileType = file.storyboard; name = Base; path = Base.lproj/LaunchScreen.storyboard; sourceTree = "<group>"; };
		F4E28C1A292E868A000C4244 /* Info.plist */ = {isa = PBXFileReference; lastKnownFileType = text.plist.xml; path = Info.plist; sourceTree = "<group>"; };
		F4E28C26292E89C7000C4244 /* LoginViewController.swift */ = {isa = PBXFileReference; lastKnownFileType = sourcecode.swift; path = LoginViewController.swift; sourceTree = "<group>"; };
		F4E28C28292E89E7000C4244 /* RegisterViewController.swift */ = {isa = PBXFileReference; lastKnownFileType = sourcecode.swift; path = RegisterViewController.swift; sourceTree = "<group>"; };
		F4E28C2A292E8A12000C4244 /* PhotoViewerViewController.swift */ = {isa = PBXFileReference; lastKnownFileType = sourcecode.swift; path = PhotoViewerViewController.swift; sourceTree = "<group>"; };
		F4E28C2C292E8A28000C4244 /* VideoPlayerViewController.swift */ = {isa = PBXFileReference; lastKnownFileType = sourcecode.swift; path = VideoPlayerViewController.swift; sourceTree = "<group>"; };
		F4E28C2E292E8A5B000C4244 /* NewConversationViewController.swift */ = {isa = PBXFileReference; lastKnownFileType = sourcecode.swift; path = NewConversationViewController.swift; sourceTree = "<group>"; };
		F4E28C30292E8A80000C4244 /* ProfileViewController.swift */ = {isa = PBXFileReference; lastKnownFileType = sourcecode.swift; path = ProfileViewController.swift; sourceTree = "<group>"; };
/* End PBXFileReference section */

/* Begin PBXFrameworksBuildPhase section */
		F4E28C06292E8687000C4244 /* Frameworks */ = {
			isa = PBXFrameworksBuildPhase;
			buildActionMask = 2147483647;
			files = (
			);
			runOnlyForDeploymentPostprocessing = 0;
		};
/* End PBXFrameworksBuildPhase section */

/* Begin PBXGroup section */
		F4E28C00292E8687000C4244 = {
			isa = PBXGroup;
			children = (
				F4E28C0B292E8687000C4244 /* Messenger */,
				F4E28C0A292E8687000C4244 /* Products */,
			);
			sourceTree = "<group>";
		};
		F4E28C0A292E8687000C4244 /* Products */ = {
			isa = PBXGroup;
			children = (
				F4E28C09292E8687000C4244 /* Messenger.app */,
			);
			name = Products;
			sourceTree = "<group>";
		};
		F4E28C0B292E8687000C4244 /* Messenger */ = {
			isa = PBXGroup;
			children = (
				F4E28C24292E87F3000C4244 /* Resources */,
				F4E28C23292E87E0000C4244 /* ViewModels */,
				F4E28C22292E87CE000C4244 /* Models */,
				F4E28C21292E87C7000C4244 /* Views */,
				F4E28C20292E87A6000C4244 /* Controllers */,
				F4E28C1A292E868A000C4244 /* Info.plist */,
			);
			path = Messenger;
			sourceTree = "<group>";
		};
		F4E28C20292E87A6000C4244 /* Controllers */ = {
			isa = PBXGroup;
			children = (
				F4E28C10292E8687000C4244 /* ConversationsViewController.swift */,
				F4E28C26292E89C7000C4244 /* LoginViewController.swift */,
				F4E28C28292E89E7000C4244 /* RegisterViewController.swift */,
				F4E28C2A292E8A12000C4244 /* PhotoViewerViewController.swift */,
				F4E28C2C292E8A28000C4244 /* VideoPlayerViewController.swift */,
				F4E28C2E292E8A5B000C4244 /* NewConversationViewController.swift */,
				F4E28C30292E8A80000C4244 /* ProfileViewController.swift */,
			);
			path = Controllers;
			sourceTree = "<group>";
		};
		F4E28C21292E87C7000C4244 /* Views */ = {
			isa = PBXGroup;
			children = (
				F4E28C25292E8858000C4244 /* Storyboards */,
				F4E28C15292E868A000C4244 /* Assets.xcassets */,
			);
			path = Views;
			sourceTree = "<group>";
		};
		F4E28C22292E87CE000C4244 /* Models */ = {
			isa = PBXGroup;
			children = (
			);
			path = Models;
			sourceTree = "<group>";
		};
		F4E28C23292E87E0000C4244 /* ViewModels */ = {
			isa = PBXGroup;
			children = (
			);
			path = ViewModels;
			sourceTree = "<group>";
		};
		F4E28C24292E87F3000C4244 /* Resources */ = {
			isa = PBXGroup;
			children = (
				F4E28C0C292E8687000C4244 /* AppDelegate.swift */,
				F4E28C0E292E8687000C4244 /* SceneDelegate.swift */,
				F456CEF1292FF26500AED26C /* Extensions.swift */,
			);
			path = Resources;
			sourceTree = "<group>";
		};
		F4E28C25292E8858000C4244 /* Storyboards */ = {
			isa = PBXGroup;
			children = (
				F4E28C12292E8687000C4244 /* Main.storyboard */,
				F4E28C17292E868A000C4244 /* LaunchScreen.storyboard */,
			);
			path = Storyboards;
			sourceTree = "<group>";
		};
/* End PBXGroup section */

/* Begin PBXNativeTarget section */
		F4E28C08292E8687000C4244 /* Messenger */ = {
			isa = PBXNativeTarget;
			buildConfigurationList = F4E28C1D292E868A000C4244 /* Build configuration list for PBXNativeTarget "Messenger" */;
			buildPhases = (
				F4E28C05292E8687000C4244 /* Sources */,
				F4E28C06292E8687000C4244 /* Frameworks */,
				F4E28C07292E8687000C4244 /* Resources */,
			);
			buildRules = (
			);
			dependencies = (
			);
			name = Messenger;
			productName = Messenger;
			productReference = F4E28C09292E8687000C4244 /* Messenger.app */;
			productType = "com.apple.product-type.application";
		};
/* End PBXNativeTarget section */

/* Begin PBXProject section */
		F4E28C01292E8687000C4244 /* Project object */ = {
			isa = PBXProject;
			attributes = {
				BuildIndependentTargetsInParallel = 1;
				LastSwiftUpdateCheck = 1410;
				LastUpgradeCheck = 1410;
				TargetAttributes = {
					F4E28C08292E8687000C4244 = {
						CreatedOnToolsVersion = 14.1;
					};
				};
			};
			buildConfigurationList = F4E28C04292E8687000C4244 /* Build configuration list for PBXProject "Messenger" */;
			compatibilityVersion = "Xcode 14.0";
			developmentRegion = en;
			hasScannedForEncodings = 0;
			knownRegions = (
				en,
				Base,
			);
			mainGroup = F4E28C00292E8687000C4244;
			productRefGroup = F4E28C0A292E8687000C4244 /* Products */;
			projectDirPath = "";
			projectRoot = "";
			targets = (
				F4E28C08292E8687000C4244 /* Messenger */,
			);
		};
/* End PBXProject section */

/* Begin PBXResourcesBuildPhase section */
		F4E28C07292E8687000C4244 /* Resources */ = {
			isa = PBXResourcesBuildPhase;
			buildActionMask = 2147483647;
			files = (
				F4E28C19292E868A000C4244 /* LaunchScreen.storyboard in Resources */,
				F4E28C16292E868A000C4244 /* Assets.xcassets in Resources */,
				F4E28C14292E8687000C4244 /* Main.storyboard in Resources */,
			);
			runOnlyForDeploymentPostprocessing = 0;
		};
/* End PBXResourcesBuildPhase section */

/* Begin PBXSourcesBuildPhase section */
		F4E28C05292E8687000C4244 /* Sources */ = {
			isa = PBXSourcesBuildPhase;
			buildActionMask = 2147483647;
			files = (
				F4E28C27292E89C7000C4244 /* LoginViewController.swift in Sources */,
				F4E28C29292E89E7000C4244 /* RegisterViewController.swift in Sources */,
				F4E28C2F292E8A5B000C4244 /* NewConversationViewController.swift in Sources */,
				F4E28C11292E8687000C4244 /* ConversationsViewController.swift in Sources */,
				F4E28C2D292E8A28000C4244 /* VideoPlayerViewController.swift in Sources */,
				F456CEF2292FF26500AED26C /* Extensions.swift in Sources */,
				F4E28C0D292E8687000C4244 /* AppDelegate.swift in Sources */,
				F4E28C31292E8A80000C4244 /* ProfileViewController.swift in Sources */,
				F4E28C0F292E8687000C4244 /* SceneDelegate.swift in Sources */,
				F4E28C2B292E8A12000C4244 /* PhotoViewerViewController.swift in Sources */,
			);
			runOnlyForDeploymentPostprocessing = 0;
		};
/* End PBXSourcesBuildPhase section */

/* Begin PBXVariantGroup section */
		F4E28C12292E8687000C4244 /* Main.storyboard */ = {
			isa = PBXVariantGroup;
			children = (
				F4E28C13292E8687000C4244 /* Base */,
			);
			name = Main.storyboard;
			sourceTree = "<group>";
		};
		F4E28C17292E868A000C4244 /* LaunchScreen.storyboard */ = {
			isa = PBXVariantGroup;
			children = (
				F4E28C18292E868A000C4244 /* Base */,
			);
			name = LaunchScreen.storyboard;
			sourceTree = "<group>";
		};
/* End PBXVariantGroup section */

/* Begin XCBuildConfiguration section */
		F4E28C1B292E868A000C4244 /* Debug */ = {
			isa = XCBuildConfiguration;
			buildSettings = {
				ALWAYS_SEARCH_USER_PATHS = NO;
				CLANG_ANALYZER_NONNULL = YES;
				CLANG_ANALYZER_NUMBER_OBJECT_CONVERSION = YES_AGGRESSIVE;
				CLANG_CXX_LANGUAGE_STANDARD = "gnu++20";
				CLANG_ENABLE_MODULES = YES;
				CLANG_ENABLE_OBJC_ARC = YES;
				CLANG_ENABLE_OBJC_WEAK = YES;
				CLANG_WARN_BLOCK_CAPTURE_AUTORELEASING = YES;
				CLANG_WARN_BOOL_CONVERSION = YES;
				CLANG_WARN_COMMA = YES;
				CLANG_WARN_CONSTANT_CONVERSION = YES;
				CLANG_WARN_DEPRECATED_OBJC_IMPLEMENTATIONS = YES;
				CLANG_WARN_DIRECT_OBJC_ISA_USAGE = YES_ERROR;
				CLANG_WARN_DOCUMENTATION_COMMENTS = YES;
				CLANG_WARN_EMPTY_BODY = YES;
				CLANG_WARN_ENUM_CONVERSION = YES;
				CLANG_WARN_INFINITE_RECURSION = YES;
				CLANG_WARN_INT_CONVERSION = YES;
				CLANG_WARN_NON_LITERAL_NULL_CONVERSION = YES;
				CLANG_WARN_OBJC_IMPLICIT_RETAIN_SELF = YES;
				CLANG_WARN_OBJC_LITERAL_CONVERSION = YES;
				CLANG_WARN_OBJC_ROOT_CLASS = YES_ERROR;
				CLANG_WARN_QUOTED_INCLUDE_IN_FRAMEWORK_HEADER = YES;
				CLANG_WARN_RANGE_LOOP_ANALYSIS = YES;
				CLANG_WARN_STRICT_PROTOTYPES = YES;
				CLANG_WARN_SUSPICIOUS_MOVE = YES;
				CLANG_WARN_UNGUARDED_AVAILABILITY = YES_AGGRESSIVE;
				CLANG_WARN_UNREACHABLE_CODE = YES;
				CLANG_WARN__DUPLICATE_METHOD_MATCH = YES;
				COPY_PHASE_STRIP = NO;
				DEBUG_INFORMATION_FORMAT = dwarf;
				ENABLE_STRICT_OBJC_MSGSEND = YES;
				ENABLE_TESTABILITY = YES;
				GCC_C_LANGUAGE_STANDARD = gnu11;
				GCC_DYNAMIC_NO_PIC = NO;
				GCC_NO_COMMON_BLOCKS = YES;
				GCC_OPTIMIZATION_LEVEL = 0;
				GCC_PREPROCESSOR_DEFINITIONS = (
					"DEBUG=1",
					"$(inherited)",
				);
				GCC_WARN_64_TO_32_BIT_CONVERSION = YES;
				GCC_WARN_ABOUT_RETURN_TYPE = YES_ERROR;
				GCC_WARN_UNDECLARED_SELECTOR = YES;
				GCC_WARN_UNINITIALIZED_AUTOS = YES_AGGRESSIVE;
				GCC_WARN_UNUSED_FUNCTION = YES;
				GCC_WARN_UNUSED_VARIABLE = YES;
				IPHONEOS_DEPLOYMENT_TARGET = 15.0;
				MTL_ENABLE_DEBUG_INFO = INCLUDE_SOURCE;
				MTL_FAST_MATH = YES;
				ONLY_ACTIVE_ARCH = YES;
				SDKROOT = iphoneos;
				SWIFT_ACTIVE_COMPILATION_CONDITIONS = DEBUG;
				SWIFT_OPTIMIZATION_LEVEL = "-Onone";
			};
			name = Debug;
		};
		F4E28C1C292E868A000C4244 /* Release */ = {
			isa = XCBuildConfiguration;
			buildSettings = {
				ALWAYS_SEARCH_USER_PATHS = NO;
				CLANG_ANALYZER_NONNULL = YES;
				CLANG_ANALYZER_NUMBER_OBJECT_CONVERSION = YES_AGGRESSIVE;
				CLANG_CXX_LANGUAGE_STANDARD = "gnu++20";
				CLANG_ENABLE_MODULES = YES;
				CLANG_ENABLE_OBJC_ARC = YES;
				CLANG_ENABLE_OBJC_WEAK = YES;
				CLANG_WARN_BLOCK_CAPTURE_AUTORELEASING = YES;
				CLANG_WARN_BOOL_CONVERSION = YES;
				CLANG_WARN_COMMA = YES;
				CLANG_WARN_CONSTANT_CONVERSION = YES;
				CLANG_WARN_DEPRECATED_OBJC_IMPLEMENTATIONS = YES;
				CLANG_WARN_DIRECT_OBJC_ISA_USAGE = YES_ERROR;
				CLANG_WARN_DOCUMENTATION_COMMENTS = YES;
				CLANG_WARN_EMPTY_BODY = YES;
				CLANG_WARN_ENUM_CONVERSION = YES;
				CLANG_WARN_INFINITE_RECURSION = YES;
				CLANG_WARN_INT_CONVERSION = YES;
				CLANG_WARN_NON_LITERAL_NULL_CONVERSION = YES;
				CLANG_WARN_OBJC_IMPLICIT_RETAIN_SELF = YES;
				CLANG_WARN_OBJC_LITERAL_CONVERSION = YES;
				CLANG_WARN_OBJC_ROOT_CLASS = YES_ERROR;
				CLANG_WARN_QUOTED_INCLUDE_IN_FRAMEWORK_HEADER = YES;
				CLANG_WARN_RANGE_LOOP_ANALYSIS = YES;
				CLANG_WARN_STRICT_PROTOTYPES = YES;
				CLANG_WARN_SUSPICIOUS_MOVE = YES;
				CLANG_WARN_UNGUARDED_AVAILABILITY = YES_AGGRESSIVE;
				CLANG_WARN_UNREACHABLE_CODE = YES;
				CLANG_WARN__DUPLICATE_METHOD_MATCH = YES;
				COPY_PHASE_STRIP = NO;
				DEBUG_INFORMATION_FORMAT = "dwarf-with-dsym";
				ENABLE_NS_ASSERTIONS = NO;
				ENABLE_STRICT_OBJC_MSGSEND = YES;
				GCC_C_LANGUAGE_STANDARD = gnu11;
				GCC_NO_COMMON_BLOCKS = YES;
				GCC_WARN_64_TO_32_BIT_CONVERSION = YES;
				GCC_WARN_ABOUT_RETURN_TYPE = YES_ERROR;
				GCC_WARN_UNDECLARED_SELECTOR = YES;
				GCC_WARN_UNINITIALIZED_AUTOS = YES_AGGRESSIVE;
				GCC_WARN_UNUSED_FUNCTION = YES;
				GCC_WARN_UNUSED_VARIABLE = YES;
				IPHONEOS_DEPLOYMENT_TARGET = 15.0;
				MTL_ENABLE_DEBUG_INFO = NO;
				MTL_FAST_MATH = YES;
				SDKROOT = iphoneos;
				SWIFT_COMPILATION_MODE = wholemodule;
				SWIFT_OPTIMIZATION_LEVEL = "-O";
				VALIDATE_PRODUCT = YES;
			};
			name = Release;
		};
		F4E28C1E292E868A000C4244 /* Debug */ = {
			isa = XCBuildConfiguration;
			buildSettings = {
				ASSETCATALOG_COMPILER_APPICON_NAME = AppIcon;
				ASSETCATALOG_COMPILER_GLOBAL_ACCENT_COLOR_NAME = AccentColor;
				CODE_SIGN_STYLE = Automatic;
				CURRENT_PROJECT_VERSION = 1;
				GENERATE_INFOPLIST_FILE = YES;
				INFOPLIST_FILE = Messenger/Info.plist;
				INFOPLIST_KEY_UIApplicationSupportsIndirectInputEvents = YES;
				INFOPLIST_KEY_UILaunchStoryboardName = LaunchScreen;
				INFOPLIST_KEY_UIMainStoryboardFile = Main;
				INFOPLIST_KEY_UISupportedInterfaceOrientations = UIInterfaceOrientationPortrait;
				IPHONEOS_DEPLOYMENT_TARGET = 15.0;
				LD_RUNPATH_SEARCH_PATHS = (
					"$(inherited)",
					"@executable_path/Frameworks",
				);
				MARKETING_VERSION = 1.0;
				PRODUCT_BUNDLE_IDENTIFIER = tilek.koszhanov.Messenger;
				PRODUCT_NAME = "$(TARGET_NAME)";
				SUPPORTED_PLATFORMS = "iphoneos iphonesimulator";
				SUPPORTS_MACCATALYST = NO;
				SUPPORTS_MAC_DESIGNED_FOR_IPHONE_IPAD = NO;
				SWIFT_EMIT_LOC_STRINGS = YES;
				SWIFT_VERSION = 5.0;
				TARGETED_DEVICE_FAMILY = "1,2";
			};
			name = Debug;
		};
		F4E28C1F292E868A000C4244 /* Release */ = {
			isa = XCBuildConfiguration;
			buildSettings = {
				ASSETCATALOG_COMPILER_APPICON_NAME = AppIcon;
				ASSETCATALOG_COMPILER_GLOBAL_ACCENT_COLOR_NAME = AccentColor;
				CODE_SIGN_STYLE = Automatic;
				CURRENT_PROJECT_VERSION = 1;
				GENERATE_INFOPLIST_FILE = YES;
				INFOPLIST_FILE = Messenger/Info.plist;
				INFOPLIST_KEY_UIApplicationSupportsIndirectInputEvents = YES;
				INFOPLIST_KEY_UILaunchStoryboardName = LaunchScreen;
				INFOPLIST_KEY_UIMainStoryboardFile = Main;
				INFOPLIST_KEY_UISupportedInterfaceOrientations = UIInterfaceOrientationPortrait;
				IPHONEOS_DEPLOYMENT_TARGET = 15.0;
				LD_RUNPATH_SEARCH_PATHS = (
					"$(inherited)",
					"@executable_path/Frameworks",
				);
				MARKETING_VERSION = 1.0;
				PRODUCT_BUNDLE_IDENTIFIER = tilek.koszhanov.Messenger;
				PRODUCT_NAME = "$(TARGET_NAME)";
				SUPPORTED_PLATFORMS = "iphoneos iphonesimulator";
				SUPPORTS_MACCATALYST = NO;
				SUPPORTS_MAC_DESIGNED_FOR_IPHONE_IPAD = NO;
				SWIFT_EMIT_LOC_STRINGS = YES;
				SWIFT_VERSION = 5.0;
				TARGETED_DEVICE_FAMILY = "1,2";
			};
			name = Release;
		};
/* End XCBuildConfiguration section */

/* Begin XCConfigurationList section */
		F4E28C04292E8687000C4244 /* Build configuration list for PBXProject "Messenger" */ = {
			isa = XCConfigurationList;
			buildConfigurations = (
				F4E28C1B292E868A000C4244 /* Debug */,
				F4E28C1C292E868A000C4244 /* Release */,
			);
			defaultConfigurationIsVisible = 0;
			defaultConfigurationName = Release;
		};
		F4E28C1D292E868A000C4244 /* Build configuration list for PBXNativeTarget "Messenger" */ = {
			isa = XCConfigurationList;
			buildConfigurations = (
				F4E28C1E292E868A000C4244 /* Debug */,
				F4E28C1F292E868A000C4244 /* Release */,
			);
			defaultConfigurationIsVisible = 0;
			defaultConfigurationName = Release;
		};
/* End XCConfigurationList section */
	};
	rootObject = F4E28C01292E8687000C4244 /* Project object */;
}
